{
  "object": {
    "pins": [
      {
        "package": "Stevia",
        "repositoryURL": "https://github.com/freshOS/Stevia",
        "state": {
          "branch": "master",
          "revision": "a32dc3c015fe583080f4947edf795bced9a11108",
          "version": null
        }
      }
    ]
  },
  "version": 1
}
